schema: '2.0'
stages:
  clean:
    cmd: python src/clean.py
    deps:
    - path: data/raw/events.csv
      hash: md5
      md5: 431ff8b1e99f6c5ac0a423d9e37ac2a9
      size: 73240
    - path: src/clean.py
      hash: md5
      md5: ffe9fbe74c57202582977780a43c9f08
      size: 1019
    outs:
    - path: data/clean/events.csv
      hash: md5
      md5: 20143ada0b3233b4b5f4685460da9921
      size: 47583
  transform:
    cmd: python src/transform.py
    deps:
    - path: data/clean/events.csv
      hash: md5
      md5: 20143ada0b3233b4b5f4685460da9921
      size: 47583
    - path: src/transform.py
      hash: md5
      md5: d52deff3bf225270340689b7abdb0ebb
      size: 346
    outs:
    - path: data/transformed/events.csv
      hash: md5
      md5: 537d0e1cd6044a0b44016fee6c731fea
      size: 62229
  features:
    cmd: python src/features.py
    deps:
    - path: data/transformed/events.csv
      hash: md5
      md5: 537d0e1cd6044a0b44016fee6c731fea
      size: 62229
    - path: src/features.py
      hash: md5
      md5: 361de8aac83c2f853264a48c15e9577e
      size: 425
    outs:
    - path: data/features/events.csv
      hash: md5
      md5: 1fb3edd622c1d9bbe931fbe2d3a4e6a7
      size: 91669
